
Microsoft Visual Studio Solution File, Format Version 12.00
# Visual Studio Version 17
VisualStudioVersion = 17.2.32210.308
MinimumVisualStudioVersion = 10.0.40219.1
Project("{9A19103F-16F7-4668-BE54-9A1E7A4F7556}") = "TypeCheck", "TypeCheck\TypeCheck.csproj", "{D519B3B5-4C78-4091-8419-E826749B65E1}"
EndProject
Project("{FAE04EC0-301F-11D3-BF4B-00C04F79EFBC}") = "ExampleAST", "ExampleAST\ExampleAST.csproj", "{D08713A1-BCCD-4075-B120-2464850E704C}"
EndProject
Global
	GlobalSection(SolutionConfigurationPlatforms) = preSolution
		Debug|Any CPU = Debug|Any CPU
		Release|Any CPU = Release|Any CPU
	EndGlobalSection
	GlobalSection(ProjectConfigurationPlatforms) = postSolution
		{D519B3B5-4C78-4091-8419-E826749B65E1}.Debug|Any CPU.ActiveCfg = Debug|Any CPU
		{D519B3B5-4C78-4091-8419-E826749B65E1}.Debug|Any CPU.Build.0 = Debug|Any CPU
		{D519B3B5-4C78-4091-8419-E826749B65E1}.Release|Any CPU.ActiveCfg = Release|Any CPU
		{D519B3B5-4C78-4091-8419-E826749B65E1}.Release|Any CPU.Build.0 = Release|Any CPU
		{D08713A1-BCCD-4075-B120-2464850E704C}.Debug|Any CPU.ActiveCfg = Debug|Any CPU
		{D08713A1-BCCD-4075-B120-2464850E704C}.Debug|Any CPU.Build.0 = Debug|Any CPU
		{D08713A1-BCCD-4075-B120-2464850E704C}.Release|Any CPU.ActiveCfg = Release|Any CPU
		{D08713A1-BCCD-4075-B120-2464850E704C}.Release|Any CPU.Build.0 = Release|Any CPU
	EndGlobalSection
	GlobalSection(SolutionProperties) = preSolution
		HideSolutionNode = FALSE
	EndGlobalSection
	GlobalSection(ExtensibilityGlobals) = postSolution
		SolutionGuid = {3107D067-0B78-4FBD-99C4-CF37797DA110}
	EndGlobalSection
EndGlobal
